
Microsoft Visual Studio Solution File, Format Version 12.00
# Visual Studio Version 17
VisualStudioVersion = 17.5.002.0
MinimumVisualStudioVersion = 10.0.40219.1
Project("{9A19103F-16F7-4668-BE54-9A1E7A4F7556}") = "ebooksItm", "ebooksItm.csproj", "{CD38BB4F-ACD7-4864-A0F9-077A223B8119}"
EndProject
Global
	GlobalSection(SolutionConfigurationPlatforms) = preSolution
		Debug|Any CPU = Debug|Any CPU
		Release|Any CPU = Release|Any CPU
	EndGlobalSection
	GlobalSection(ProjectConfigurationPlatforms) = postSolution
		{CD38BB4F-ACD7-4864-A0F9-077A223B8119}.Debug|Any CPU.ActiveCfg = Debug|Any CPU
		{CD38BB4F-ACD7-4864-A0F9-077A223B8119}.Debug|Any CPU.Build.0 = Debug|Any CPU
		{CD38BB4F-ACD7-4864-A0F9-077A223B8119}.Release|Any CPU.ActiveCfg = Release|Any CPU
		{CD38BB4F-ACD7-4864-A0F9-077A223B8119}.Release|Any CPU.Build.0 = Release|Any CPU
	EndGlobalSection
	GlobalSection(SolutionProperties) = preSolution
		HideSolutionNode = FALSE
	EndGlobalSection
	GlobalSection(ExtensibilityGlobals) = postSolution
		SolutionGuid = {0A66FD0C-3D92-425B-8E19-D755A3632B2A}
	EndGlobalSection
EndGlobal
